// !$*UTF8*$!
{
	archiveVersion = 1;
	classes = {
	};
	objectVersion = 48;
	objects = {

/* Begin PBXBuildFile section */
		D40378AB1FAE5934002FA95C /* CalculatorBrain.swift in Sources */ = {isa = PBXBuildFile; fileRef = D40378AA1FAE5934002FA95C /* CalculatorBrain.swift */; };
		D48EAB871FA66A4B00114FD5 /* AppDelegate.swift in Sources */ = {isa = PBXBuildFile; fileRef = D48EAB861FA66A4B00114FD5 /* AppDelegate.swift */; };
		D48EAB891FA66A4B00114FD5 /* ViewController.swift in Sources */ = {isa = PBXBuildFile; fileRef = D48EAB881FA66A4B00114FD5 /* ViewController.swift */; };
		D48EAB8C1FA66A4B00114FD5 /* Main.storyboard in Resources */ = {isa = PBXBuildFile; fileRef = D48EAB8A1FA66A4B00114FD5 /* Main.storyboard */; };
		D48EAB8E1FA66A4B00114FD5 /* Assets.xcassets in Resources */ = {isa = PBXBuildFile; fileRef = D48EAB8D1FA66A4B00114FD5 /* Assets.xcassets */; };
		D48EAB911FA66A4B00114FD5 /* LaunchScreen.storyboard in Resources */ = {isa = PBXBuildFile; fileRef = D48EAB8F1FA66A4B00114FD5 /* LaunchScreen.storyboard */; };
		D48EAB9C1FA66A4B00114FD5 /* Assignment1Tests.swift in Sources */ = {isa = PBXBuildFile; fileRef = D48EAB9B1FA66A4B00114FD5 /* Assignment1Tests.swift */; };
		D48EABA71FA66A4B00114FD5 /* Assignment1UITests.swift in Sources */ = {isa = PBXBuildFile; fileRef = D48EABA61FA66A4B00114FD5 /* Assignment1UITests.swift */; };
/* End PBXBuildFile section */

/* Begin PBXContainerItemProxy section */
		D48EAB981FA66A4B00114FD5 /* PBXContainerItemProxy */ = {
			isa = PBXContainerItemProxy;
			containerPortal = D48EAB7B1FA66A4B00114FD5 /* Project object */;
			proxyType = 1;
			remoteGlobalIDString = D48EAB821FA66A4B00114FD5;
			remoteInfo = Assignment1;
		};
		D48EABA31FA66A4B00114FD5 /* PBXContainerItemProxy */ = {
			isa = PBXContainerItemProxy;
			containerPortal = D48EAB7B1FA66A4B00114FD5 /* Project object */;
			proxyType = 1;
			remoteGlobalIDString = D48EAB821FA66A4B00114FD5;
			remoteInfo = Assignment1;
		};
/* End PBXContainerItemProxy section */

/* Begin PBXFileReference section */
		D40378AA1FAE5934002FA95C /* CalculatorBrain.swift */ = {isa = PBXFileReference; lastKnownFileType = sourcecode.swift; path = CalculatorBrain.swift; sourceTree = "<group>"; };
		D48EAB831FA66A4B00114FD5 /* Assignment1.app */ = {isa = PBXFileReference; explicitFileType = wrapper.application; includeInIndex = 0; path = Assignment1.app; sourceTree = BUILT_PRODUCTS_DIR; };
		D48EAB861FA66A4B00114FD5 /* AppDelegate.swift */ = {isa = PBXFileReference; lastKnownFileType = sourcecode.swift; path = AppDelegate.swift; sourceTree = "<group>"; };
		D48EAB881FA66A4B00114FD5 /* ViewController.swift */ = {isa = PBXFileReference; lastKnownFileType = sourcecode.swift; path = ViewController.swift; sourceTree = "<group>"; };
		D48EAB8B1FA66A4B00114FD5 /* Base */ = {isa = PBXFileReference; lastKnownFileType = file.storyboard; name = Base; path = Base.lproj/Main.storyboard; sourceTree = "<group>"; };
		D48EAB8D1FA66A4B00114FD5 /* Assets.xcassets */ = {isa = PBXFileReference; lastKnownFileType = folder.assetcatalog; path = Assets.xcassets; sourceTree = "<group>"; };
		D48EAB901FA66A4B00114FD5 /* Base */ = {isa = PBXFileReference; lastKnownFileType = file.storyboard; name = Base; path = Base.lproj/LaunchScreen.storyboard; sourceTree = "<group>"; };
		D48EAB921FA66A4B00114FD5 /* Info.plist */ = {isa = PBXFileReference; lastKnownFileType = text.plist.xml; path = Info.plist; sourceTree = "<group>"; };
		D48EAB971FA66A4B00114FD5 /* Assignment1Tests.xctest */ = {isa = PBXFileReference; explicitFileType = wrapper.cfbundle; includeInIndex = 0; path = Assignment1Tests.xctest; sourceTree = BUILT_PRODUCTS_DIR; };
		D48EAB9B1FA66A4B00114FD5 /* Assignment1Tests.swift */ = {isa = PBXFileReference; lastKnownFileType = sourcecode.swift; path = Assignment1Tests.swift; sourceTree = "<group>"; };
		D48EAB9D1FA66A4B00114FD5 /* Info.plist */ = {isa = PBXFileReference; lastKnownFileType = text.plist.xml; path = Info.plist; sourceTree = "<group>"; };
		D48EABA21FA66A4B00114FD5 /* Assignment1UITests.xctest */ = {isa = PBXFileReference; explicitFileType = wrapper.cfbundle; includeInIndex = 0; path = Assignment1UITests.xctest; sourceTree = BUILT_PRODUCTS_DIR; };
		D48EABA61FA66A4B00114FD5 /* Assignment1UITests.swift */ = {isa = PBXFileReference; lastKnownFileType = sourcecode.swift; path = Assignment1UITests.swift; sourceTree = "<group>"; };
		D48EABA81FA66A4B00114FD5 /* Info.plist */ = {isa = PBXFileReference; lastKnownFileType = text.plist.xml; path = Info.plist; sourceTree = "<group>"; };
/* End PBXFileReference section */

/* Begin PBXFrameworksBuildPhase section */
		D48EAB801FA66A4B00114FD5 /* Frameworks */ = {
			isa = PBXFrameworksBuildPhase;
			buildActionMask = 2147483647;
			files = (
			);
			runOnlyForDeploymentPostprocessing = 0;
		};
		D48EAB941FA66A4B00114FD5 /* Frameworks */ = {
			isa = PBXFrameworksBuildPhase;
			buildActionMask = 2147483647;
			files = (
			);
			runOnlyForDeploymentPostprocessing = 0;
		};
		D48EAB9F1FA66A4B00114FD5 /* Frameworks */ = {
			isa = PBXFrameworksBuildPhase;
			buildActionMask = 2147483647;
			files = (
			);
			runOnlyForDeploymentPostprocessing = 0;
		};
/* End PBXFrameworksBuildPhase section */

/* Begin PBXGroup section */
		D48EAB7A1FA66A4B00114FD5 = {
			isa = PBXGroup;
			children = (
				D48EAB851FA66A4B00114FD5 /* Assignment1 */,
				D48EAB9A1FA66A4B00114FD5 /* Assignment1Tests */,
				D48EABA51FA66A4B00114FD5 /* Assignment1UITests */,
				D48EAB841FA66A4B00114FD5 /* Products */,
			);
			sourceTree = "<group>";
		};
		D48EAB841FA66A4B00114FD5 /* Products */ = {
			isa = PBXGroup;
			children = (
				D48EAB831FA66A4B00114FD5 /* Assignment1.app */,
				D48EAB971FA66A4B00114FD5 /* Assignment1Tests.xctest */,
				D48EABA21FA66A4B00114FD5 /* Assignment1UITests.xctest */,
			);
			name = Products;
			sourceTree = "<group>";
		};
		D48EAB851FA66A4B00114FD5 /* Assignment1 */ = {
			isa = PBXGroup;
			children = (
				D48EAB861FA66A4B00114FD5 /* AppDelegate.swift */,
				D48EAB881FA66A4B00114FD5 /* ViewController.swift */,
				D48EAB8A1FA66A4B00114FD5 /* Main.storyboard */,
				D40378AA1FAE5934002FA95C /* CalculatorBrain.swift */,
				D48EAB8D1FA66A4B00114FD5 /* Assets.xcassets */,
				D48EAB8F1FA66A4B00114FD5 /* LaunchScreen.storyboard */,
				D48EAB921FA66A4B00114FD5 /* Info.plist */,
			);
			path = Assignment1;
			sourceTree = "<group>";
		};
		D48EAB9A1FA66A4B00114FD5 /* Assignment1Tests */ = {
			isa = PBXGroup;
			children = (
				D48EAB9B1FA66A4B00114FD5 /* Assignment1Tests.swift */,
				D48EAB9D1FA66A4B00114FD5 /* Info.plist */,
			);
			path = Assignment1Tests;
			sourceTree = "<group>";
		};
		D48EABA51FA66A4B00114FD5 /* Assignment1UITests */ = {
			isa = PBXGroup;
			children = (
				D48EABA61FA66A4B00114FD5 /* Assignment1UITests.swift */,
				D48EABA81FA66A4B00114FD5 /* Info.plist */,
			);
			path = Assignment1UITests;
			sourceTree = "<group>";
		};
/* End PBXGroup section */

/* Begin PBXNativeTarget section */
		D48EAB821FA66A4B00114FD5 /* Assignment1 */ = {
			isa = PBXNativeTarget;
			buildConfigurationList = D48EABAB1FA66A4B00114FD5 /* Build configuration list for PBXNativeTarget "Assignment1" */;
			buildPhases = (
				D48EAB7F1FA66A4B00114FD5 /* Sources */,
				D48EAB801FA66A4B00114FD5 /* Frameworks */,
				D48EAB811FA66A4B00114FD5 /* Resources */,
			);
			buildRules = (
			);
			dependencies = (
			);
			name = Assignment1;
			productName = Assignment1;
			productReference = D48EAB831FA66A4B00114FD5 /* Assignment1.app */;
			productType = "com.apple.product-type.application";
		};
		D48EAB961FA66A4B00114FD5 /* Assignment1Tests */ = {
			isa = PBXNativeTarget;
			buildConfigurationList = D48EABAE1FA66A4B00114FD5 /* Build configuration list for PBXNativeTarget "Assignment1Tests" */;
			buildPhases = (
				D48EAB931FA66A4B00114FD5 /* Sources */,
				D48EAB941FA66A4B00114FD5 /* Frameworks */,
				D48EAB951FA66A4B00114FD5 /* Resources */,
			);
			buildRules = (
			);
			dependencies = (
				D48EAB991FA66A4B00114FD5 /* PBXTargetDependency */,
			);
			name = Assignment1Tests;
			productName = Assignment1Tests;
			productReference = D48EAB971FA66A4B00114FD5 /* Assignment1Tests.xctest */;
			productType = "com.apple.product-type.bundle.unit-test";
		};
		D48EABA11FA66A4B00114FD5 /* Assignment1UITests */ = {
			isa = PBXNativeTarget;
			buildConfigurationList = D48EABB11FA66A4B00114FD5 /* Build configuration list for PBXNativeTarget "Assignment1UITests" */;
			buildPhases = (
				D48EAB9E1FA66A4B00114FD5 /* Sources */,
				D48EAB9F1FA66A4B00114FD5 /* Frameworks */,
				D48EABA01FA66A4B00114FD5 /* Resources */,
			);
			buildRules = (
			);
			dependencies = (
				D48EABA41FA66A4B00114FD5 /* PBXTargetDependency */,
			);
			name = Assignment1UITests;
			productName = Assignment1UITests;
			productReference = D48EABA21FA66A4B00114FD5 /* Assignment1UITests.xctest */;
			productType = "com.apple.product-type.bundle.ui-testing";
		};
/* End PBXNativeTarget section */

/* Begin PBXProject section */
		D48EAB7B1FA66A4B00114FD5 /* Project object */ = {
			isa = PBXProject;
			attributes = {
				LastSwiftUpdateCheck = 0900;
				LastUpgradeCheck = 0900;
				ORGANIZATIONNAME = "Joey-Hou";
				TargetAttributes = {
					D48EAB821FA66A4B00114FD5 = {
						CreatedOnToolsVersion = 9.0.1;
						ProvisioningStyle = Automatic;
					};
					D48EAB961FA66A4B00114FD5 = {
						CreatedOnToolsVersion = 9.0.1;
						ProvisioningStyle = Automatic;
						TestTargetID = D48EAB821FA66A4B00114FD5;
					};
					D48EABA11FA66A4B00114FD5 = {
						CreatedOnToolsVersion = 9.0.1;
						ProvisioningStyle = Automatic;
						TestTargetID = D48EAB821FA66A4B00114FD5;
					};
				};
			};
			buildConfigurationList = D48EAB7E1FA66A4B00114FD5 /* Build configuration list for PBXProject "Assignment1" */;
			compatibilityVersion = "Xcode 8.0";
			developmentRegion = en;
			hasScannedForEncodings = 0;
			knownRegions = (
				en,
				Base,
			);
			mainGroup = D48EAB7A1FA66A4B00114FD5;
			productRefGroup = D48EAB841FA66A4B00114FD5 /* Products */;
			projectDirPath = "";
			projectRoot = "";
			targets = (
				D48EAB821FA66A4B00114FD5 /* Assignment1 */,
				D48EAB961FA66A4B00114FD5 /* Assignment1Tests */,
				D48EABA11FA66A4B00114FD5 /* Assignment1UITests */,
			);
		};
/* End PBXProject section */

/* Begin PBXResourcesBuildPhase section */
		D48EAB811FA66A4B00114FD5 /* Resources */ = {
			isa = PBXResourcesBuildPhase;
			buildActionMask = 2147483647;
			files = (
				D48EAB911FA66A4B00114FD5 /* LaunchScreen.storyboard in Resources */,
				D48EAB8E1FA66A4B00114FD5 /* Assets.xcassets in Resources */,
				D48EAB8C1FA66A4B00114FD5 /* Main.storyboard in Resources */,
			);
			runOnlyForDeploymentPostprocessing = 0;
		};
		D48EAB951FA66A4B00114FD5 /* Resources */ = {
			isa = PBXResourcesBuildPhase;
			buildActionMask = 2147483647;
			files = (
			);
			runOnlyForDeploymentPostprocessing = 0;
		};
		D48EABA01FA66A4B00114FD5 /* Resources */ = {
			isa = PBXResourcesBuildPhase;
			buildActionMask = 2147483647;
			files = (
			);
			runOnlyForDeploymentPostprocessing = 0;
		};
/* End PBXResourcesBuildPhase section */

/* Begin PBXSourcesBuildPhase section */
		D48EAB7F1FA66A4B00114FD5 /* Sources */ = {
			isa = PBXSourcesBuildPhase;
			buildActionMask = 2147483647;
			files = (
				D40378AB1FAE5934002FA95C /* CalculatorBrain.swift in Sources */,
				D48EAB891FA66A4B00114FD5 /* ViewController.swift in Sources */,
				D48EAB871FA66A4B00114FD5 /* AppDelegate.swift in Sources */,
			);
			runOnlyForDeploymentPostprocessing = 0;
		};
		D48EAB931FA66A4B00114FD5 /* Sources */ = {
			isa = PBXSourcesBuildPhase;
			buildActionMask = 2147483647;
			files = (
				D48EAB9C1FA66A4B00114FD5 /* Assignment1Tests.swift in Sources */,
			);
			runOnlyForDeploymentPostprocessing = 0;
		};
		D48EAB9E1FA66A4B00114FD5 /* Sources */ = {
			isa = PBXSourcesBuildPhase;
			buildActionMask = 2147483647;
			files = (
				D48EABA71FA66A4B00114FD5 /* Assignment1UITests.swift in Sources */,
			);
			runOnlyForDeploymentPostprocessing = 0;
		};
/* End PBXSourcesBuildPhase section */

/* Begin PBXTargetDependency section */
		D48EAB991FA66A4B00114FD5 /* PBXTargetDependency */ = {
			isa = PBXTargetDependency;
			target = D48EAB821FA66A4B00114FD5 /* Assignment1 */;
			targetProxy = D48EAB981FA66A4B00114FD5 /* PBXContainerItemProxy */;
		};
		D48EABA41FA66A4B00114FD5 /* PBXTargetDependency */ = {
			isa = PBXTargetDependency;
			target = D48EAB821FA66A4B00114FD5 /* Assignment1 */;
			targetProxy = D48EABA31FA66A4B00114FD5 /* PBXContainerItemProxy */;
		};
/* End PBXTargetDependency section */

/* Begin PBXVariantGroup section */
		D48EAB8A1FA66A4B00114FD5 /* Main.storyboard */ = {
			isa = PBXVariantGroup;
			children = (
				D48EAB8B1FA66A4B00114FD5 /* Base */,
			);
			name = Main.storyboard;
			sourceTree = "<group>";
		};
		D48EAB8F1FA66A4B00114FD5 /* LaunchScreen.storyboard */ = {
			isa = PBXVariantGroup;
			children = (
				D48EAB901FA66A4B00114FD5 /* Base */,
			);
			name = LaunchScreen.storyboard;
			sourceTree = "<group>";
		};
/* End PBXVariantGroup section */

/* Begin XCBuildConfiguration section */
		D48EABA91FA66A4B00114FD5 /* Debug */ = {
			isa = XCBuildConfiguration;
			buildSettings = {
				ALWAYS_SEARCH_USER_PATHS = NO;
				CLANG_ANALYZER_NONNULL = YES;
				CLANG_ANALYZER_NUMBER_OBJECT_CONVERSION = YES_AGGRESSIVE;
				CLANG_CXX_LANGUAGE_STANDARD = "gnu++14";
				CLANG_CXX_LIBRARY = "libc++";
				CLANG_ENABLE_MODULES = YES;
				CLANG_ENABLE_OBJC_ARC = YES;
				CLANG_WARN_BLOCK_CAPTURE_AUTORELEASING = YES;
				CLANG_WARN_BOOL_CONVERSION = YES;
				CLANG_WARN_COMMA = YES;
				CLANG_WARN_CONSTANT_CONVERSION = YES;
				CLANG_WARN_DIRECT_OBJC_ISA_USAGE = YES_ERROR;
				CLANG_WARN_DOCUMENTATION_COMMENTS = YES;
				CLANG_WARN_EMPTY_BODY = YES;
				CLANG_WARN_ENUM_CONVERSION = YES;
				CLANG_WARN_INFINITE_RECURSION = YES;
				CLANG_WARN_INT_CONVERSION = YES;
				CLANG_WARN_NON_LITERAL_NULL_CONVERSION = YES;
				CLANG_WARN_OBJC_LITERAL_CONVERSION = YES;
				CLANG_WARN_OBJC_ROOT_CLASS = YES_ERROR;
				CLANG_WARN_RANGE_LOOP_ANALYSIS = YES;
				CLANG_WARN_STRICT_PROTOTYPES = YES;
				CLANG_WARN_SUSPICIOUS_MOVE = YES;
				CLANG_WARN_UNGUARDED_AVAILABILITY = YES_AGGRESSIVE;
				CLANG_WARN_UNREACHABLE_CODE = YES;
				CLANG_WARN__DUPLICATE_METHOD_MATCH = YES;
				CODE_SIGN_IDENTITY = "iPhone Developer";
				COPY_PHASE_STRIP = NO;
				DEBUG_INFORMATION_FORMAT = dwarf;
				ENABLE_STRICT_OBJC_MSGSEND = YES;
				ENABLE_TESTABILITY = YES;
				GCC_C_LANGUAGE_STANDARD = gnu11;
				GCC_DYNAMIC_NO_PIC = NO;
				GCC_NO_COMMON_BLOCKS = YES;
				GCC_OPTIMIZATION_LEVEL = 0;
				GCC_PREPROCESSOR_DEFINITIONS = (
					"DEBUG=1",
					"$(inherited)",
				);
				GCC_WARN_64_TO_32_BIT_CONVERSION = YES;
				GCC_WARN_ABOUT_RETURN_TYPE = YES_ERROR;
				GCC_WARN_UNDECLARED_SELECTOR = YES;
				GCC_WARN_UNINITIALIZED_AUTOS = YES_AGGRESSIVE;
				GCC_WARN_UNUSED_FUNCTION = YES;
				GCC_WARN_UNUSED_VARIABLE = YES;
				IPHONEOS_DEPLOYMENT_TARGET = 11.0;
				MTL_ENABLE_DEBUG_INFO = YES;
				ONLY_ACTIVE_ARCH = YES;
				SDKROOT = iphoneos;
				SWIFT_ACTIVE_COMPILATION_CONDITIONS = DEBUG;
				SWIFT_OPTIMIZATION_LEVEL = "-Onone";
			};
			name = Debug;
		};
		D48EABAA1FA66A4B00114FD5 /* Release */ = {
			isa = XCBuildConfiguration;
			buildSettings = {
				ALWAYS_SEARCH_USER_PATHS = NO;
				CLANG_ANALYZER_NONNULL = YES;
				CLANG_ANALYZER_NUMBER_OBJECT_CONVERSION = YES_AGGRESSIVE;
				CLANG_CXX_LANGUAGE_STANDARD = "gnu++14";
				CLANG_CXX_LIBRARY = "libc++";
				CLANG_ENABLE_MODULES = YES;
				CLANG_ENABLE_OBJC_ARC = YES;
				CLANG_WARN_BLOCK_CAPTURE_AUTORELEASING = YES;
				CLANG_WARN_BOOL_CONVERSION = YES;
				CLANG_WARN_COMMA = YES;
				CLANG_WARN_CONSTANT_CONVERSION = YES;
				CLANG_WARN_DIRECT_OBJC_ISA_USAGE = YES_ERROR;
				CLANG_WARN_DOCUMENTATION_COMMENTS = YES;
				CLANG_WARN_EMPTY_BODY = YES;
				CLANG_WARN_ENUM_CONVERSION = YES;
				CLANG_WARN_INFINITE_RECURSION = YES;
				CLANG_WARN_INT_CONVERSION = YES;
				CLANG_WARN_NON_LITERAL_NULL_CONVERSION = YES;
				CLANG_WARN_OBJC_LITERAL_CONVERSION = YES;
				CLANG_WARN_OBJC_ROOT_CLASS = YES_ERROR;
				CLANG_WARN_RANGE_LOOP_ANALYSIS = YES;
				CLANG_WARN_STRICT_PROTOTYPES = YES;
				CLANG_WARN_SUSPICIOUS_MOVE = YES;
				CLANG_WARN_UNGUARDED_AVAILABILITY = YES_AGGRESSIVE;
				CLANG_WARN_UNREACHABLE_CODE = YES;
				CLANG_WARN__DUPLICATE_METHOD_MATCH = YES;
				CODE_SIGN_IDENTITY = "iPhone Developer";
				COPY_PHASE_STRIP = NO;
				DEBUG_INFORMATION_FORMAT = "dwarf-with-dsym";
				ENABLE_NS_ASSERTIONS = NO;
				ENABLE_STRICT_OBJC_MSGSEND = YES;
				GCC_C_LANGUAGE_STANDARD = gnu11;
				GCC_NO_COMMON_BLOCKS = YES;
				GCC_WARN_64_TO_32_BIT_CONVERSION = YES;
				GCC_WARN_ABOUT_RETURN_TYPE = YES_ERROR;
				GCC_WARN_UNDECLARED_SELECTOR = YES;
				GCC_WARN_UNINITIALIZED_AUTOS = YES_AGGRESSIVE;
				GCC_WARN_UNUSED_FUNCTION = YES;
				GCC_WARN_UNUSED_VARIABLE = YES;
				IPHONEOS_DEPLOYMENT_TARGET = 11.0;
				MTL_ENABLE_DEBUG_INFO = NO;
				SDKROOT = iphoneos;
				SWIFT_OPTIMIZATION_LEVEL = "-Owholemodule";
				VALIDATE_PRODUCT = YES;
			};
			name = Release;
		};
		D48EABAC1FA66A4B00114FD5 /* Debug */ = {
			isa = XCBuildConfiguration;
			buildSettings = {
				ASSETCATALOG_COMPILER_APPICON_NAME = AppIcon;
				CODE_SIGN_STYLE = Automatic;
				INFOPLIST_FILE = Assignment1/Info.plist;
				LD_RUNPATH_SEARCH_PATHS = "$(inherited) @executable_path/Frameworks";
				PRODUCT_BUNDLE_IDENTIFIER = "Joey-s-iOS.Assignment1";
				PRODUCT_NAME = "$(TARGET_NAME)";
				SWIFT_VERSION = 4.0;
				TARGETED_DEVICE_FAMILY = "1,2";
			};
			name = Debug;
		};
		D48EABAD1FA66A4B00114FD5 /* Release */ = {
			isa = XCBuildConfiguration;
			buildSettings = {
				ASSETCATALOG_COMPILER_APPICON_NAME = AppIcon;
				CODE_SIGN_STYLE = Automatic;
				INFOPLIST_FILE = Assignment1/Info.plist;
				LD_RUNPATH_SEARCH_PATHS = "$(inherited) @executable_path/Frameworks";
				PRODUCT_BUNDLE_IDENTIFIER = "Joey-s-iOS.Assignment1";
				PRODUCT_NAME = "$(TARGET_NAME)";
				SWIFT_VERSION = 4.0;
				TARGETED_DEVICE_FAMILY = "1,2";
			};
			name = Release;
		};
		D48EABAF1FA66A4B00114FD5 /* Debug */ = {
			isa = XCBuildConfiguration;
			buildSettings = {
				ALWAYS_EMBED_SWIFT_STANDARD_LIBRARIES = YES;
				BUNDLE_LOADER = "$(TEST_HOST)";
				CODE_SIGN_STYLE = Automatic;
				INFOPLIST_FILE = Assignment1Tests/Info.plist;
				LD_RUNPATH_SEARCH_PATHS = "$(inherited) @executable_path/Frameworks @loader_path/Frameworks";
				PRODUCT_BUNDLE_IDENTIFIER = "Joey-s-iOS.Assignment1Tests";
				PRODUCT_NAME = "$(TARGET_NAME)";
				SWIFT_VERSION = 4.0;
				TARGETED_DEVICE_FAMILY = "1,2";
				TEST_HOST = "$(BUILT_PRODUCTS_DIR)/Assignment1.app/Assignment1";
			};
			name = Debug;
		};
		D48EABB01FA66A4B00114FD5 /* Release */ = {
			isa = XCBuildConfiguration;
			buildSettings = {
				ALWAYS_EMBED_SWIFT_STANDARD_LIBRARIES = YES;
				BUNDLE_LOADER = "$(TEST_HOST)";
				CODE_SIGN_STYLE = Automatic;
				INFOPLIST_FILE = Assignment1Tests/Info.plist;
				LD_RUNPATH_SEARCH_PATHS = "$(inherited) @executable_path/Frameworks @loader_path/Frameworks";
				PRODUCT_BUNDLE_IDENTIFIER = "Joey-s-iOS.Assignment1Tests";
				PRODUCT_NAME = "$(TARGET_NAME)";
				SWIFT_VERSION = 4.0;
				TARGETED_DEVICE_FAMILY = "1,2";
				TEST_HOST = "$(BUILT_PRODUCTS_DIR)/Assignment1.app/Assignment1";
			};
			name = Release;
		};
		D48EABB21FA66A4B00114FD5 /* Debug */ = {
			isa = XCBuildConfiguration;
			buildSettings = {
				ALWAYS_EMBED_SWIFT_STANDARD_LIBRARIES = YES;
				CODE_SIGN_STYLE = Automatic;
				INFOPLIST_FILE = Assignment1UITests/Info.plist;
				LD_RUNPATH_SEARCH_PATHS = "$(inherited) @executable_path/Frameworks @loader_path/Frameworks";
				PRODUCT_BUNDLE_IDENTIFIER = "Joey-s-iOS.Assignment1UITests";
				PRODUCT_NAME = "$(TARGET_NAME)";
				SWIFT_VERSION = 4.0;
				TARGETED_DEVICE_FAMILY = "1,2";
				TEST_TARGET_NAME = Assignment1;
			};
			name = Debug;
		};
		D48EABB31FA66A4B00114FD5 /* Release */ = {
			isa = XCBuildConfiguration;
			buildSettings = {
				ALWAYS_EMBED_SWIFT_STANDARD_LIBRARIES = YES;
				CODE_SIGN_STYLE = Automatic;
				INFOPLIST_FILE = Assignment1UITests/Info.plist;
				LD_RUNPATH_SEARCH_PATHS = "$(inherited) @executable_path/Frameworks @loader_path/Frameworks";
				PRODUCT_BUNDLE_IDENTIFIER = "Joey-s-iOS.Assignment1UITests";
				PRODUCT_NAME = "$(TARGET_NAME)";
				SWIFT_VERSION = 4.0;
				TARGETED_DEVICE_FAMILY = "1,2";
				TEST_TARGET_NAME = Assignment1;
			};
			name = Release;
		};
/* End XCBuildConfiguration section */

/* Begin XCConfigurationList section */
		D48EAB7E1FA66A4B00114FD5 /* Build configuration list for PBXProject "Assignment1" */ = {
			isa = XCConfigurationList;
			buildConfigurations = (
				D48EABA91FA66A4B00114FD5 /* Debug */,
				D48EABAA1FA66A4B00114FD5 /* Release */,
			);
			defaultConfigurationIsVisible = 0;
			defaultConfigurationName = Release;
		};
		D48EABAB1FA66A4B00114FD5 /* Build configuration list for PBXNativeTarget "Assignment1" */ = {
			isa = XCConfigurationList;
			buildConfigurations = (
				D48EABAC1FA66A4B00114FD5 /* Debug */,
				D48EABAD1FA66A4B00114FD5 /* Release */,
			);
			defaultConfigurationIsVisible = 0;
			defaultConfigurationName = Release;
		};
		D48EABAE1FA66A4B00114FD5 /* Build configuration list for PBXNativeTarget "Assignment1Tests" */ = {
			isa = XCConfigurationList;
			buildConfigurations = (
				D48EABAF1FA66A4B00114FD5 /* Debug */,
				D48EABB01FA66A4B00114FD5 /* Release */,
			);
			defaultConfigurationIsVisible = 0;
			defaultConfigurationName = Release;
		};
		D48EABB11FA66A4B00114FD5 /* Build configuration list for PBXNativeTarget "Assignment1UITests" */ = {
			isa = XCConfigurationList;
			buildConfigurations = (
				D48EABB21FA66A4B00114FD5 /* Debug */,
				D48EABB31FA66A4B00114FD5 /* Release */,
			);
			defaultConfigurationIsVisible = 0;
			defaultConfigurationName = Release;
		};
/* End XCConfigurationList section */
	};
	rootObject = D48EAB7B1FA66A4B00114FD5 /* Project object */;
}
